
Microsoft Visual Studio Solution File, Format Version 12.00
# Visual Studio 15
VisualStudioVersion = 15.0.28307.705
MinimumVisualStudioVersion = 10.0.40219.1
Project("{FAE04EC0-301F-11D3-BF4B-00C04F79EFBC}") = "Hash.Library", "Hash.Library\Hash.Library.csproj", "{79502BEB-6F5E-4BE3-90D1-57050EC8048A}"
EndProject
Project("{FAE04EC0-301F-11D3-BF4B-00C04F79EFBC}") = "Hash.UnitTest", "Hash.UnitTest\Hash.UnitTest.csproj", "{F6663225-8C9A-44E6-AF5F-5155D9363203}"
EndProject
Global
	GlobalSection(SolutionConfigurationPlatforms) = preSolution
		Debug|Any CPU = Debug|Any CPU
		Release|Any CPU = Release|Any CPU
	EndGlobalSection
	GlobalSection(ProjectConfigurationPlatforms) = postSolution
		{79502BEB-6F5E-4BE3-90D1-57050EC8048A}.Debug|Any CPU.ActiveCfg = Debug|Any CPU
		{79502BEB-6F5E-4BE3-90D1-57050EC8048A}.Debug|Any CPU.Build.0 = Debug|Any CPU
		{79502BEB-6F5E-4BE3-90D1-57050EC8048A}.Release|Any CPU.ActiveCfg = Release|Any CPU
		{79502BEB-6F5E-4BE3-90D1-57050EC8048A}.Release|Any CPU.Build.0 = Release|Any CPU
		{F6663225-8C9A-44E6-AF5F-5155D9363203}.Debug|Any CPU.ActiveCfg = Debug|Any CPU
		{F6663225-8C9A-44E6-AF5F-5155D9363203}.Debug|Any CPU.Build.0 = Debug|Any CPU
		{F6663225-8C9A-44E6-AF5F-5155D9363203}.Release|Any CPU.ActiveCfg = Release|Any CPU
		{F6663225-8C9A-44E6-AF5F-5155D9363203}.Release|Any CPU.Build.0 = Release|Any CPU
	EndGlobalSection
	GlobalSection(SolutionProperties) = preSolution
		HideSolutionNode = FALSE
	EndGlobalSection
	GlobalSection(ExtensibilityGlobals) = postSolution
		SolutionGuid = {1CB296DC-5BBC-42B1-9BC8-02D683A0E1A7}
	EndGlobalSection
EndGlobal
